
Microsoft Visual Studio Solution File, Format Version 12.00
# Visual Studio 2013
VisualStudioVersion = 12.0.21005.1
MinimumVisualStudioVersion = 10.0.40219.1
Project("{FAE04EC0-301F-11D3-BF4B-00C04F79EFBC}") = "Fosc.Dolphin.UI", "Fosc.Dolphin.UI\Fosc.Dolphin.UI.csproj", "{428552DF-C5A0-4112-A1D6-C403EF9197B5}"
EndProject
Project("{FAE04EC0-301F-11D3-BF4B-00C04F79EFBC}") = "Fosc.Dolphin.IBll", "Fosc.Dolphin.IBll\Fosc.Dolphin.IBll.csproj", "{22471D1F-0E95-475C-9AAB-5C1380C23E1F}"
EndProject
Project("{FAE04EC0-301F-11D3-BF4B-00C04F79EFBC}") = "Fosc.Dolphin.Bll", "Fosc.Dolphin.Bll\Fosc.Dolphin.Bll.csproj", "{4EE39971-784E-4416-9190-7F3697019FC8}"
EndProject
Project("{FAE04EC0-301F-11D3-BF4B-00C04F79EFBC}") = "Fosc.Dolphin.Dto", "Fosc.Dolphin.Dto\Fosc.Dolphin.Dto.csproj", "{27EA3195-5871-4657-A67C-5CA4524D447C}"
EndProject
Project("{FAE04EC0-301F-11D3-BF4B-00C04F79EFBC}") = "Fosc.Dolphin.Dal", "Fosc.Dolphin.Dal\Fosc.Dolphin.Dal.csproj", "{B3B395A6-F814-4999-A2EF-5EF1CEC1FB50}"
EndProject
Project("{FAE04EC0-301F-11D3-BF4B-00C04F79EFBC}") = "Fosc.Dolphin.Test", "Fosc.Dolphin.Test\Fosc.Dolphin.Test.csproj", "{1C9DAE60-1B04-4AC3-865D-ACB762976711}"
EndProject
Project("{FAE04EC0-301F-11D3-BF4B-00C04F79EFBC}") = "Fosc.Dolphin.Eai", "Fosc.Dolphin.Eai\Fosc.Dolphin.Eai.csproj", "{63E341C6-34E4-461C-9F1F-E0D8162169FD}"
EndProject
Project("{FAE04EC0-301F-11D3-BF4B-00C04F79EFBC}") = "Fosc.Dolphin.MvcUI", "Fosc.Dolphin.MvcUI\Fosc.Dolphin.MvcUI.csproj", "{D7B029CA-AAC7-4A88-93D2-35FB39ABF68E}"
EndProject
Project("{FAE04EC0-301F-11D3-BF4B-00C04F79EFBC}") = "Fosc.Dolphin.Model", "Fosc.Dolphin.Object\Fosc.Dolphin.Model.csproj", "{25B422CF-DDE2-4C77-818C-E47D7B75904B}"
EndProject
Project("{FAE04EC0-301F-11D3-BF4B-00C04F79EFBC}") = "Fosc.Dolphin.FC", "Fosc.Dolphin.FC\Fosc.Dolphin.FC.csproj", "{09F44FA8-3D1E-4553-96FD-5AB17B30BDA4}"
EndProject
Project("{FAE04EC0-301F-11D3-BF4B-00C04F79EFBC}") = "Fosc.Dolphin.Common", "Fosc.Dolphin.Common\Fosc.Dolphin.Common.csproj", "{E1063169-0A2B-4BBD-838C-98BA31E8EAFA}"
EndProject
Global
	GlobalSection(SolutionConfigurationPlatforms) = preSolution
		Debug|Any CPU = Debug|Any CPU
		Debug|Mixed Platforms = Debug|Mixed Platforms
		Debug|x64 = Debug|x64
		Debug|x86 = Debug|x86
		Release|Any CPU = Release|Any CPU
		Release|Mixed Platforms = Release|Mixed Platforms
		Release|x64 = Release|x64
		Release|x86 = Release|x86
	EndGlobalSection
	GlobalSection(ProjectConfigurationPlatforms) = postSolution
		{428552DF-C5A0-4112-A1D6-C403EF9197B5}.Debug|Any CPU.ActiveCfg = Debug|x86
		{428552DF-C5A0-4112-A1D6-C403EF9197B5}.Debug|Mixed Platforms.ActiveCfg = Debug|x86
		{428552DF-C5A0-4112-A1D6-C403EF9197B5}.Debug|Mixed Platforms.Build.0 = Debug|x86
		{428552DF-C5A0-4112-A1D6-C403EF9197B5}.Debug|x64.ActiveCfg = Debug|x64
		{428552DF-C5A0-4112-A1D6-C403EF9197B5}.Debug|x64.Build.0 = Debug|x64
		{428552DF-C5A0-4112-A1D6-C403EF9197B5}.Debug|x86.ActiveCfg = Debug|x86
		{428552DF-C5A0-4112-A1D6-C403EF9197B5}.Debug|x86.Build.0 = Debug|x86
		{428552DF-C5A0-4112-A1D6-C403EF9197B5}.Release|Any CPU.ActiveCfg = Release|x86
		{428552DF-C5A0-4112-A1D6-C403EF9197B5}.Release|Mixed Platforms.ActiveCfg = Release|x86
		{428552DF-C5A0-4112-A1D6-C403EF9197B5}.Release|Mixed Platforms.Build.0 = Release|x86
		{428552DF-C5A0-4112-A1D6-C403EF9197B5}.Release|x64.ActiveCfg = Release|x64
		{428552DF-C5A0-4112-A1D6-C403EF9197B5}.Release|x86.ActiveCfg = Release|x86
		{428552DF-C5A0-4112-A1D6-C403EF9197B5}.Release|x86.Build.0 = Release|x86
		{22471D1F-0E95-475C-9AAB-5C1380C23E1F}.Debug|Any CPU.ActiveCfg = Debug|Any CPU
		{22471D1F-0E95-475C-9AAB-5C1380C23E1F}.Debug|Any CPU.Build.0 = Debug|Any CPU
		{22471D1F-0E95-475C-9AAB-5C1380C23E1F}.Debug|Mixed Platforms.ActiveCfg = Debug|Any CPU
		{22471D1F-0E95-475C-9AAB-5C1380C23E1F}.Debug|Mixed Platforms.Build.0 = Debug|Any CPU
		{22471D1F-0E95-475C-9AAB-5C1380C23E1F}.Debug|x64.ActiveCfg = Debug|Any CPU
		{22471D1F-0E95-475C-9AAB-5C1380C23E1F}.Debug|x64.Build.0 = Debug|Any CPU
		{22471D1F-0E95-475C-9AAB-5C1380C23E1F}.Debug|x86.ActiveCfg = Debug|Any CPU
		{22471D1F-0E95-475C-9AAB-5C1380C23E1F}.Release|Any CPU.ActiveCfg = Release|Any CPU
		{22471D1F-0E95-475C-9AAB-5C1380C23E1F}.Release|Any CPU.Build.0 = Release|Any CPU
		{22471D1F-0E95-475C-9AAB-5C1380C23E1F}.Release|Mixed Platforms.ActiveCfg = Release|Any CPU
		{22471D1F-0E95-475C-9AAB-5C1380C23E1F}.Release|Mixed Platforms.Build.0 = Release|Any CPU
		{22471D1F-0E95-475C-9AAB-5C1380C23E1F}.Release|x64.ActiveCfg = Release|x64
		{22471D1F-0E95-475C-9AAB-5C1380C23E1F}.Release|x64.Build.0 = Release|x64
		{22471D1F-0E95-475C-9AAB-5C1380C23E1F}.Release|x86.ActiveCfg = Release|Any CPU
		{4EE39971-784E-4416-9190-7F3697019FC8}.Debug|Any CPU.ActiveCfg = Debug|Any CPU
		{4EE39971-784E-4416-9190-7F3697019FC8}.Debug|Any CPU.Build.0 = Debug|Any CPU
		{4EE39971-784E-4416-9190-7F3697019FC8}.Debug|Mixed Platforms.ActiveCfg = Debug|Any CPU
		{4EE39971-784E-4416-9190-7F3697019FC8}.Debug|Mixed Platforms.Build.0 = Debug|Any CPU
		{4EE39971-784E-4416-9190-7F3697019FC8}.Debug|x64.ActiveCfg = Debug|Any CPU
		{4EE39971-784E-4416-9190-7F3697019FC8}.Debug|x64.Build.0 = Debug|Any CPU
		{4EE39971-784E-4416-9190-7F3697019FC8}.Debug|x86.ActiveCfg = Debug|Any CPU
		{4EE39971-784E-4416-9190-7F3697019FC8}.Release|Any CPU.ActiveCfg = Release|Any CPU
		{4EE39971-784E-4416-9190-7F3697019FC8}.Release|Any CPU.Build.0 = Release|Any CPU
		{4EE39971-784E-4416-9190-7F3697019FC8}.Release|Mixed Platforms.ActiveCfg = Release|Any CPU
		{4EE39971-784E-4416-9190-7F3697019FC8}.Release|Mixed Platforms.Build.0 = Release|Any CPU
		{4EE39971-784E-4416-9190-7F3697019FC8}.Release|x64.ActiveCfg = Release|x64
		{4EE39971-784E-4416-9190-7F3697019FC8}.Release|x64.Build.0 = Release|x64
		{4EE39971-784E-4416-9190-7F3697019FC8}.Release|x86.ActiveCfg = Release|Any CPU
		{27EA3195-5871-4657-A67C-5CA4524D447C}.Debug|Any CPU.ActiveCfg = Debug|Any CPU
		{27EA3195-5871-4657-A67C-5CA4524D447C}.Debug|Any CPU.Build.0 = Debug|Any CPU
		{27EA3195-5871-4657-A67C-5CA4524D447C}.Debug|Mixed Platforms.ActiveCfg = Debug|Any CPU
		{27EA3195-5871-4657-A67C-5CA4524D447C}.Debug|Mixed Platforms.Build.0 = Debug|Any CPU
		{27EA3195-5871-4657-A67C-5CA4524D447C}.Debug|x64.ActiveCfg = Debug|Any CPU
		{27EA3195-5871-4657-A67C-5CA4524D447C}.Debug|x64.Build.0 = Debug|Any CPU
		{27EA3195-5871-4657-A67C-5CA4524D447C}.Debug|x86.ActiveCfg = Debug|Any CPU
		{27EA3195-5871-4657-A67C-5CA4524D447C}.Release|Any CPU.ActiveCfg = Release|Any CPU
		{27EA3195-5871-4657-A67C-5CA4524D447C}.Release|Any CPU.Build.0 = Release|Any CPU
		{27EA3195-5871-4657-A67C-5CA4524D447C}.Release|Mixed Platforms.ActiveCfg = Release|Any CPU
		{27EA3195-5871-4657-A67C-5CA4524D447C}.Release|Mixed Platforms.Build.0 = Release|Any CPU
		{27EA3195-5871-4657-A67C-5CA4524D447C}.Release|x64.ActiveCfg = Release|x64
		{27EA3195-5871-4657-A67C-5CA4524D447C}.Release|x64.Build.0 = Release|x64
		{27EA3195-5871-4657-A67C-5CA4524D447C}.Release|x86.ActiveCfg = Release|Any CPU
		{B3B395A6-F814-4999-A2EF-5EF1CEC1FB50}.Debug|Any CPU.ActiveCfg = Debug|Any CPU
		{B3B395A6-F814-4999-A2EF-5EF1CEC1FB50}.Debug|Any CPU.Build.0 = Debug|Any CPU
		{B3B395A6-F814-4999-A2EF-5EF1CEC1FB50}.Debug|Mixed Platforms.ActiveCfg = Debug|Any CPU
		{B3B395A6-F814-4999-A2EF-5EF1CEC1FB50}.Debug|Mixed Platforms.Build.0 = Debug|Any CPU
		{B3B395A6-F814-4999-A2EF-5EF1CEC1FB50}.Debug|x64.ActiveCfg = Debug|Any CPU
		{B3B395A6-F814-4999-A2EF-5EF1CEC1FB50}.Debug|x64.Build.0 = Debug|Any CPU
		{B3B395A6-F814-4999-A2EF-5EF1CEC1FB50}.Debug|x86.ActiveCfg = Debug|Any CPU
		{B3B395A6-F814-4999-A2EF-5EF1CEC1FB50}.Release|Any CPU.ActiveCfg = Release|Any CPU
		{B3B395A6-F814-4999-A2EF-5EF1CEC1FB50}.Release|Any CPU.Build.0 = Release|Any CPU
		{B3B395A6-F814-4999-A2EF-5EF1CEC1FB50}.Release|Mixed Platforms.ActiveCfg = Release|Any CPU
		{B3B395A6-F814-4999-A2EF-5EF1CEC1FB50}.Release|Mixed Platforms.Build.0 = Release|Any CPU
		{B3B395A6-F814-4999-A2EF-5EF1CEC1FB50}.Release|x64.ActiveCfg = Release|x64
		{B3B395A6-F814-4999-A2EF-5EF1CEC1FB50}.Release|x64.Build.0 = Release|x64
		{B3B395A6-F814-4999-A2EF-5EF1CEC1FB50}.Release|x86.ActiveCfg = Release|Any CPU
		{1C9DAE60-1B04-4AC3-865D-ACB762976711}.Debug|Any CPU.ActiveCfg = Debug|x86
		{1C9DAE60-1B04-4AC3-865D-ACB762976711}.Debug|Mixed Platforms.ActiveCfg = Debug|x86
		{1C9DAE60-1B04-4AC3-865D-ACB762976711}.Debug|Mixed Platforms.Build.0 = Debug|x86
		{1C9DAE60-1B04-4AC3-865D-ACB762976711}.Debug|x64.ActiveCfg = Debug|x64
		{1C9DAE60-1B04-4AC3-865D-ACB762976711}.Debug|x64.Build.0 = Debug|x64
		{1C9DAE60-1B04-4AC3-865D-ACB762976711}.Debug|x86.ActiveCfg = Debug|x86
		{1C9DAE60-1B04-4AC3-865D-ACB762976711}.Debug|x86.Build.0 = Debug|x86
		{1C9DAE60-1B04-4AC3-865D-ACB762976711}.Release|Any CPU.ActiveCfg = Release|x86
		{1C9DAE60-1B04-4AC3-865D-ACB762976711}.Release|Mixed Platforms.ActiveCfg = Release|x86
		{1C9DAE60-1B04-4AC3-865D-ACB762976711}.Release|Mixed Platforms.Build.0 = Release|x86
		{1C9DAE60-1B04-4AC3-865D-ACB762976711}.Release|x64.ActiveCfg = Release|x64
		{1C9DAE60-1B04-4AC3-865D-ACB762976711}.Release|x86.ActiveCfg = Release|x86
		{1C9DAE60-1B04-4AC3-865D-ACB762976711}.Release|x86.Build.0 = Release|x86
		{63E341C6-34E4-461C-9F1F-E0D8162169FD}.Debug|Any CPU.ActiveCfg = Debug|Any CPU
		{63E341C6-34E4-461C-9F1F-E0D8162169FD}.Debug|Any CPU.Build.0 = Debug|Any CPU
		{63E341C6-34E4-461C-9F1F-E0D8162169FD}.Debug|Mixed Platforms.ActiveCfg = Debug|Any CPU
		{63E341C6-34E4-461C-9F1F-E0D8162169FD}.Debug|Mixed Platforms.Build.0 = Debug|Any CPU
		{63E341C6-34E4-461C-9F1F-E0D8162169FD}.Debug|x64.ActiveCfg = Debug|Any CPU
		{63E341C6-34E4-461C-9F1F-E0D8162169FD}.Debug|x64.Build.0 = Debug|Any CPU
		{63E341C6-34E4-461C-9F1F-E0D8162169FD}.Debug|x86.ActiveCfg = Debug|Any CPU
		{63E341C6-34E4-461C-9F1F-E0D8162169FD}.Release|Any CPU.ActiveCfg = Release|Any CPU
		{63E341C6-34E4-461C-9F1F-E0D8162169FD}.Release|Any CPU.Build.0 = Release|Any CPU
		{63E341C6-34E4-461C-9F1F-E0D8162169FD}.Release|Mixed Platforms.ActiveCfg = Release|Any CPU
		{63E341C6-34E4-461C-9F1F-E0D8162169FD}.Release|Mixed Platforms.Build.0 = Release|Any CPU
		{63E341C6-34E4-461C-9F1F-E0D8162169FD}.Release|x64.ActiveCfg = Release|x64
		{63E341C6-34E4-461C-9F1F-E0D8162169FD}.Release|x64.Build.0 = Release|x64
		{63E341C6-34E4-461C-9F1F-E0D8162169FD}.Release|x86.ActiveCfg = Release|Any CPU
		{D7B029CA-AAC7-4A88-93D2-35FB39ABF68E}.Debug|Any CPU.ActiveCfg = Debug|Any CPU
		{D7B029CA-AAC7-4A88-93D2-35FB39ABF68E}.Debug|Any CPU.Build.0 = Debug|Any CPU
		{D7B029CA-AAC7-4A88-93D2-35FB39ABF68E}.Debug|Mixed Platforms.ActiveCfg = Debug|Any CPU
		{D7B029CA-AAC7-4A88-93D2-35FB39ABF68E}.Debug|Mixed Platforms.Build.0 = Debug|Any CPU
		{D7B029CA-AAC7-4A88-93D2-35FB39ABF68E}.Debug|x64.ActiveCfg = Debug|Any CPU
		{D7B029CA-AAC7-4A88-93D2-35FB39ABF68E}.Debug|x86.ActiveCfg = Debug|Any CPU
		{D7B029CA-AAC7-4A88-93D2-35FB39ABF68E}.Release|Any CPU.ActiveCfg = Release|Any CPU
		{D7B029CA-AAC7-4A88-93D2-35FB39ABF68E}.Release|Any CPU.Build.0 = Release|Any CPU
		{D7B029CA-AAC7-4A88-93D2-35FB39ABF68E}.Release|Mixed Platforms.ActiveCfg = Release|Any CPU
		{D7B029CA-AAC7-4A88-93D2-35FB39ABF68E}.Release|Mixed Platforms.Build.0 = Release|Any CPU
		{D7B029CA-AAC7-4A88-93D2-35FB39ABF68E}.Release|x64.ActiveCfg = Release|Any CPU
		{D7B029CA-AAC7-4A88-93D2-35FB39ABF68E}.Release|x86.ActiveCfg = Release|Any CPU
		{25B422CF-DDE2-4C77-818C-E47D7B75904B}.Debug|Any CPU.ActiveCfg = Debug|Any CPU
		{25B422CF-DDE2-4C77-818C-E47D7B75904B}.Debug|Any CPU.Build.0 = Debug|Any CPU
		{25B422CF-DDE2-4C77-818C-E47D7B75904B}.Debug|Mixed Platforms.ActiveCfg = Debug|Any CPU
		{25B422CF-DDE2-4C77-818C-E47D7B75904B}.Debug|Mixed Platforms.Build.0 = Debug|Any CPU
		{25B422CF-DDE2-4C77-818C-E47D7B75904B}.Debug|x64.ActiveCfg = Debug|Any CPU
		{25B422CF-DDE2-4C77-818C-E47D7B75904B}.Debug|x64.Build.0 = Debug|Any CPU
		{25B422CF-DDE2-4C77-818C-E47D7B75904B}.Debug|x86.ActiveCfg = Debug|Any CPU
		{25B422CF-DDE2-4C77-818C-E47D7B75904B}.Debug|x86.Build.0 = Debug|Any CPU
		{25B422CF-DDE2-4C77-818C-E47D7B75904B}.Release|Any CPU.ActiveCfg = Release|Any CPU
		{25B422CF-DDE2-4C77-818C-E47D7B75904B}.Release|Any CPU.Build.0 = Release|Any CPU
		{25B422CF-DDE2-4C77-818C-E47D7B75904B}.Release|Mixed Platforms.ActiveCfg = Release|Any CPU
		{25B422CF-DDE2-4C77-818C-E47D7B75904B}.Release|Mixed Platforms.Build.0 = Release|Any CPU
		{25B422CF-DDE2-4C77-818C-E47D7B75904B}.Release|x64.ActiveCfg = Release|x64
		{25B422CF-DDE2-4C77-818C-E47D7B75904B}.Release|x64.Build.0 = Release|x64
		{25B422CF-DDE2-4C77-818C-E47D7B75904B}.Release|x86.ActiveCfg = Release|Any CPU
		{25B422CF-DDE2-4C77-818C-E47D7B75904B}.Release|x86.Build.0 = Release|Any CPU
		{09F44FA8-3D1E-4553-96FD-5AB17B30BDA4}.Debug|Any CPU.ActiveCfg = Debug|Any CPU
		{09F44FA8-3D1E-4553-96FD-5AB17B30BDA4}.Debug|Any CPU.Build.0 = Debug|Any CPU
		{09F44FA8-3D1E-4553-96FD-5AB17B30BDA4}.Debug|Mixed Platforms.ActiveCfg = Debug|Any CPU
		{09F44FA8-3D1E-4553-96FD-5AB17B30BDA4}.Debug|Mixed Platforms.Build.0 = Debug|Any CPU
		{09F44FA8-3D1E-4553-96FD-5AB17B30BDA4}.Debug|x64.ActiveCfg = Debug|Any CPU
		{09F44FA8-3D1E-4553-96FD-5AB17B30BDA4}.Debug|x64.Build.0 = Debug|Any CPU
		{09F44FA8-3D1E-4553-96FD-5AB17B30BDA4}.Debug|x86.ActiveCfg = Debug|Any CPU
		{09F44FA8-3D1E-4553-96FD-5AB17B30BDA4}.Debug|x86.Build.0 = Debug|Any CPU
		{09F44FA8-3D1E-4553-96FD-5AB17B30BDA4}.Release|Any CPU.ActiveCfg = Release|Any CPU
		{09F44FA8-3D1E-4553-96FD-5AB17B30BDA4}.Release|Any CPU.Build.0 = Release|Any CPU
		{09F44FA8-3D1E-4553-96FD-5AB17B30BDA4}.Release|Mixed Platforms.ActiveCfg = Release|Any CPU
		{09F44FA8-3D1E-4553-96FD-5AB17B30BDA4}.Release|Mixed Platforms.Build.0 = Release|Any CPU
		{09F44FA8-3D1E-4553-96FD-5AB17B30BDA4}.Release|x64.ActiveCfg = Release|x64
		{09F44FA8-3D1E-4553-96FD-5AB17B30BDA4}.Release|x64.Build.0 = Release|x64
		{09F44FA8-3D1E-4553-96FD-5AB17B30BDA4}.Release|x86.ActiveCfg = Release|Any CPU
		{09F44FA8-3D1E-4553-96FD-5AB17B30BDA4}.Release|x86.Build.0 = Release|Any CPU
		{E1063169-0A2B-4BBD-838C-98BA31E8EAFA}.Debug|Any CPU.ActiveCfg = Debug|Any CPU
		{E1063169-0A2B-4BBD-838C-98BA31E8EAFA}.Debug|Any CPU.Build.0 = Debug|Any CPU
		{E1063169-0A2B-4BBD-838C-98BA31E8EAFA}.Debug|Mixed Platforms.ActiveCfg = Debug|Any CPU
		{E1063169-0A2B-4BBD-838C-98BA31E8EAFA}.Debug|Mixed Platforms.Build.0 = Debug|Any CPU
		{E1063169-0A2B-4BBD-838C-98BA31E8EAFA}.Debug|x64.ActiveCfg = Debug|Any CPU
		{E1063169-0A2B-4BBD-838C-98BA31E8EAFA}.Debug|x64.Build.0 = Debug|Any CPU
		{E1063169-0A2B-4BBD-838C-98BA31E8EAFA}.Debug|x86.ActiveCfg = Debug|Any CPU
		{E1063169-0A2B-4BBD-838C-98BA31E8EAFA}.Release|Any CPU.ActiveCfg = Release|Any CPU
		{E1063169-0A2B-4BBD-838C-98BA31E8EAFA}.Release|Any CPU.Build.0 = Release|Any CPU
		{E1063169-0A2B-4BBD-838C-98BA31E8EAFA}.Release|Mixed Platforms.ActiveCfg = Release|Any CPU
		{E1063169-0A2B-4BBD-838C-98BA31E8EAFA}.Release|Mixed Platforms.Build.0 = Release|Any CPU
		{E1063169-0A2B-4BBD-838C-98BA31E8EAFA}.Release|x64.ActiveCfg = Release|x64
		{E1063169-0A2B-4BBD-838C-98BA31E8EAFA}.Release|x64.Build.0 = Release|x64
		{E1063169-0A2B-4BBD-838C-98BA31E8EAFA}.Release|x86.ActiveCfg = Release|Any CPU
	EndGlobalSection
	GlobalSection(SolutionProperties) = preSolution
		HideSolutionNode = FALSE
	EndGlobalSection
	GlobalSection(MonoDevelopProperties) = preSolution
		StartupItem = Fosc.Dolphin.UI\Fosc.Dolphin.UI.csproj
	EndGlobalSection
EndGlobal
